
Microsoft Visual Studio Solution File, Format Version 12.00
# Visual Studio Version 17
VisualStudioVersion = 17.10.35122.118
MinimumVisualStudioVersion = 10.0.40219.1
Project("{FAE04EC0-301F-11D3-BF4B-00C04F79EFBC}") = "ScientificCalculator", "ScientificCalculator\ScientificCalculator.csproj", "{820294BB-7C73-42AC-99F3-4830485CB557}"
EndProject
Global
	GlobalSection(SolutionConfigurationPlatforms) = preSolution
		Debug|Any CPU = Debug|Any CPU
		Release|Any CPU = Release|Any CPU
	EndGlobalSection
	GlobalSection(ProjectConfigurationPlatforms) = postSolution
		{820294BB-7C73-42AC-99F3-4830485CB557}.Debug|Any CPU.ActiveCfg = Debug|Any CPU
		{820294BB-7C73-42AC-99F3-4830485CB557}.Debug|Any CPU.Build.0 = Debug|Any CPU
		{820294BB-7C73-42AC-99F3-4830485CB557}.Debug|Any CPU.Deploy.0 = Debug|Any CPU
		{820294BB-7C73-42AC-99F3-4830485CB557}.Release|Any CPU.ActiveCfg = Release|Any CPU
		{820294BB-7C73-42AC-99F3-4830485CB557}.Release|Any CPU.Build.0 = Release|Any CPU
		{820294BB-7C73-42AC-99F3-4830485CB557}.Release|Any CPU.Deploy.0 = Release|Any CPU
	EndGlobalSection
	GlobalSection(SolutionProperties) = preSolution
		HideSolutionNode = FALSE
	EndGlobalSection
	GlobalSection(ExtensibilityGlobals) = postSolution
		SolutionGuid = {30E0F69E-A17E-4FBA-A242-C44369125739}
	EndGlobalSection
EndGlobal
